// !$*UTF8*$!
{
	archiveVersion = 1;
	classes = {
	};
	objectVersion = 77;
	objects = {

/* Begin PBXBuildFile section */
		8996D2DA2E4636F3005DE3D4 /* FirebaseFirestore in Frameworks */ = {isa = PBXBuildFile; productRef = 8996D2D92E4636F3005DE3D4 /* FirebaseFirestore */; };
		8996D2DC2E4636F3005DE3D4 /* FirebaseFirestoreSwift in Frameworks */ = {isa = PBXBuildFile; productRef = 8996D2DB2E4636F3005DE3D4 /* FirebaseFirestoreSwift */; };
		8996D2DE2E4636F3005DE3D4 /* FirebaseStorage in Frameworks */ = {isa = PBXBuildFile; productRef = 8996D2DD2E4636F3005DE3D4 /* FirebaseStorage */; };
		8996D34D2E46D185005DE3D4 /* FirestoreTestView.swift in Sources */ = {isa = PBXBuildFile; fileRef = 8996D33F2E46D185005DE3D4 /* FirestoreTestView.swift */; };
/* End PBXBuildFile section */

/* Begin PBXContainerItemProxy section */
		8996D2B92E46348C005DE3D4 /* PBXContainerItemProxy */ = {
			isa = PBXContainerItemProxy;
			containerPortal = 8996D2A32E46348B005DE3D4 /* Project object */;
			proxyType = 1;
			remoteGlobalIDString = 8996D2AA2E46348B005DE3D4;
			remoteInfo = HydraulicsWorkOrderApp;
		};
		8996D2C32E46348C005DE3D4 /* PBXContainerItemProxy */ = {
			isa = PBXContainerItemProxy;
			containerPortal = 8996D2A32E46348B005DE3D4 /* Project object */;
			proxyType = 1;
			remoteGlobalIDString = 8996D2AA2E46348B005DE3D4;
			remoteInfo = HydraulicsWorkOrderApp;
		};
/* End PBXContainerItemProxy section */

/* Begin PBXFileReference section */
		8996D2AB2E46348B005DE3D4 /* HydraulicsWorkOrderApp.app */ = {isa = PBXFileReference; explicitFileType = wrapper.application; includeInIndex = 0; path = HydraulicsWorkOrderApp.app; sourceTree = BUILT_PRODUCTS_DIR; };
		8996D2B82E46348C005DE3D4 /* HydraulicsWorkOrderAppTests.xctest */ = {isa = PBXFileReference; explicitFileType = wrapper.cfbundle; includeInIndex = 0; path = HydraulicsWorkOrderAppTests.xctest; sourceTree = BUILT_PRODUCTS_DIR; };
		8996D2C22E46348C005DE3D4 /* HydraulicsWorkOrderAppUITests.xctest */ = {isa = PBXFileReference; explicitFileType = wrapper.cfbundle; includeInIndex = 0; path = HydraulicsWorkOrderAppUITests.xctest; sourceTree = BUILT_PRODUCTS_DIR; };
		8996D33F2E46D185005DE3D4 /* FirestoreTestView.swift */ = {isa = PBXFileReference; lastKnownFileType = sourcecode.swift; path = FirestoreTestView.swift; sourceTree = "<group>"; };
/* End PBXFileReference section */

/* Begin PBXFileSystemSynchronizedRootGroup section */
		8996D2AD2E46348B005DE3D4 /* HydraulicsWorkOrderApp */ = {
			isa = PBXFileSystemSynchronizedRootGroup;
			path = HydraulicsWorkOrderApp;
			sourceTree = "<group>";
		};
		8996D2BB2E46348C005DE3D4 /* HydraulicsWorkOrderAppTests */ = {
			isa = PBXFileSystemSynchronizedRootGroup;
			path = HydraulicsWorkOrderAppTests;
			sourceTree = "<group>";
		};
		8996D2C52E46348C005DE3D4 /* HydraulicsWorkOrderAppUITests */ = {
			isa = PBXFileSystemSynchronizedRootGroup;
			path = HydraulicsWorkOrderAppUITests;
			sourceTree = "<group>";
		};
/* End PBXFileSystemSynchronizedRootGroup section */

/* Begin PBXFrameworksBuildPhase section */
		8996D2A82E46348B005DE3D4 /* Frameworks */ = {
			isa = PBXFrameworksBuildPhase;
			buildActionMask = 2147483647;
			files = (
				8996D2DA2E4636F3005DE3D4 /* FirebaseFirestore in Frameworks */,
				8996D2DC2E4636F3005DE3D4 /* FirebaseFirestoreSwift in Frameworks */,
				8996D2DE2E4636F3005DE3D4 /* FirebaseStorage in Frameworks */,
			);
			runOnlyForDeploymentPostprocessing = 0;
		};
		8996D2B52E46348C005DE3D4 /* Frameworks */ = {
			isa = PBXFrameworksBuildPhase;
			buildActionMask = 2147483647;
			files = (
			);
			runOnlyForDeploymentPostprocessing = 0;
		};
		8996D2BF2E46348C005DE3D4 /* Frameworks */ = {
			isa = PBXFrameworksBuildPhase;
			buildActionMask = 2147483647;
			files = (
			);
			runOnlyForDeploymentPostprocessing = 0;
		};
/* End PBXFrameworksBuildPhase section */

/* Begin PBXGroup section */
		8996D2A22E46348B005DE3D4 = {
			isa = PBXGroup;
			children = (
				8996D2AD2E46348B005DE3D4 /* HydraulicsWorkOrderApp */,
				8996D2BB2E46348C005DE3D4 /* HydraulicsWorkOrderAppTests */,
				8996D2C52E46348C005DE3D4 /* HydraulicsWorkOrderAppUITests */,
				8996D2AC2E46348B005DE3D4 /* Products */,
				8996D33F2E46D185005DE3D4 /* FirestoreTestView.swift */,
			);
			sourceTree = "<group>";
		};
		8996D2AC2E46348B005DE3D4 /* Products */ = {
			isa = PBXGroup;
			children = (
				8996D2AB2E46348B005DE3D4 /* HydraulicsWorkOrderApp.app */,
				8996D2B82E46348C005DE3D4 /* HydraulicsWorkOrderAppTests.xctest */,
				8996D2C22E46348C005DE3D4 /* HydraulicsWorkOrderAppUITests.xctest */,
			);
			name = Products;
			sourceTree = "<group>";
		};
/* End PBXGroup section */

/* Begin PBXNativeTarget section */
		8996D2AA2E46348B005DE3D4 /* HydraulicsWorkOrderApp */ = {
			isa = PBXNativeTarget;
			buildConfigurationList = 8996D2CC2E46348C005DE3D4 /* Build configuration list for PBXNativeTarget "HydraulicsWorkOrderApp" */;
			buildPhases = (
				8996D2A72E46348B005DE3D4 /* Sources */,
				8996D2A82E46348B005DE3D4 /* Frameworks */,
				8996D2A92E46348B005DE3D4 /* Resources */,
			);
			buildRules = (
			);
			dependencies = (
			);
			fileSystemSynchronizedGroups = (
				8996D2AD2E46348B005DE3D4 /* HydraulicsWorkOrderApp */,
			);
			name = HydraulicsWorkOrderApp;
			packageProductDependencies = (
				8996D2D92E4636F3005DE3D4 /* FirebaseFirestore */,
				8996D2DB2E4636F3005DE3D4 /* FirebaseFirestoreSwift */,
				8996D2DD2E4636F3005DE3D4 /* FirebaseStorage */,
			);
			productName = HydraulicsWorkOrderApp;
			productReference = 8996D2AB2E46348B005DE3D4 /* HydraulicsWorkOrderApp.app */;
			productType = "com.apple.product-type.application";
		};
		8996D2B72E46348C005DE3D4 /* HydraulicsWorkOrderAppTests */ = {
			isa = PBXNativeTarget;
			buildConfigurationList = 8996D2CF2E46348C005DE3D4 /* Build configuration list for PBXNativeTarget "HydraulicsWorkOrderAppTests" */;
			buildPhases = (
				8996D2B42E46348C005DE3D4 /* Sources */,
				8996D2B52E46348C005DE3D4 /* Frameworks */,
				8996D2B62E46348C005DE3D4 /* Resources */,
			);
			buildRules = (
			);
			dependencies = (
				8996D2BA2E46348C005DE3D4 /* PBXTargetDependency */,
			);
			fileSystemSynchronizedGroups = (
				8996D2BB2E46348C005DE3D4 /* HydraulicsWorkOrderAppTests */,
			);
			name = HydraulicsWorkOrderAppTests;
			packageProductDependencies = (
			);
			productName = HydraulicsWorkOrderAppTests;
			productReference = 8996D2B82E46348C005DE3D4 /* HydraulicsWorkOrderAppTests.xctest */;
			productType = "com.apple.product-type.bundle.unit-test";
		};
		8996D2C12E46348C005DE3D4 /* HydraulicsWorkOrderAppUITests */ = {
			isa = PBXNativeTarget;
			buildConfigurationList = 8996D2D22E46348C005DE3D4 /* Build configuration list for PBXNativeTarget "HydraulicsWorkOrderAppUITests" */;
			buildPhases = (
				8996D2BE2E46348C005DE3D4 /* Sources */,
				8996D2BF2E46348C005DE3D4 /* Frameworks */,
				8996D2C02E46348C005DE3D4 /* Resources */,
			);
			buildRules = (
			);
			dependencies = (
				8996D2C42E46348C005DE3D4 /* PBXTargetDependency */,
			);
			fileSystemSynchronizedGroups = (
				8996D2C52E46348C005DE3D4 /* HydraulicsWorkOrderAppUITests */,
			);
			name = HydraulicsWorkOrderAppUITests;
			packageProductDependencies = (
			);
			productName = HydraulicsWorkOrderAppUITests;
			productReference = 8996D2C22E46348C005DE3D4 /* HydraulicsWorkOrderAppUITests.xctest */;
			productType = "com.apple.product-type.bundle.ui-testing";
		};
/* End PBXNativeTarget section */

/* Begin PBXProject section */
		8996D2A32E46348B005DE3D4 /* Project object */ = {
			isa = PBXProject;
			attributes = {
				BuildIndependentTargetsInParallel = 1;
				LastSwiftUpdateCheck = 1640;
				LastUpgradeCheck = 1640;
				TargetAttributes = {
					8996D2AA2E46348B005DE3D4 = {
						CreatedOnToolsVersion = 16.4;
					};
					8996D2B72E46348C005DE3D4 = {
						CreatedOnToolsVersion = 16.4;
						TestTargetID = 8996D2AA2E46348B005DE3D4;
					};
					8996D2C12E46348C005DE3D4 = {
						CreatedOnToolsVersion = 16.4;
						TestTargetID = 8996D2AA2E46348B005DE3D4;
					};
				};
			};
			buildConfigurationList = 8996D2A62E46348B005DE3D4 /* Build configuration list for PBXProject "HydraulicsWorkOrderApp" */;
			developmentRegion = en;
			hasScannedForEncodings = 0;
			knownRegions = (
				en,
				Base,
			);
			mainGroup = 8996D2A22E46348B005DE3D4;
			minimizedProjectReferenceProxies = 1;
			packageReferences = (
				8996D2D82E4636F3005DE3D4 /* XCRemoteSwiftPackageReference "firebase-ios-sdk" */,
			);
			preferredProjectObjectVersion = 77;
			productRefGroup = 8996D2AC2E46348B005DE3D4 /* Products */;
			projectDirPath = "";
			projectRoot = "";
			targets = (
				8996D2AA2E46348B005DE3D4 /* HydraulicsWorkOrderApp */,
				8996D2B72E46348C005DE3D4 /* HydraulicsWorkOrderAppTests */,
				8996D2C12E46348C005DE3D4 /* HydraulicsWorkOrderAppUITests */,
			);
		};
/* End PBXProject section */

/* Begin PBXResourcesBuildPhase section */
		8996D2A92E46348B005DE3D4 /* Resources */ = {
			isa = PBXResourcesBuildPhase;
			buildActionMask = 2147483647;
			files = (
			);
			runOnlyForDeploymentPostprocessing = 0;
		};
		8996D2B62E46348C005DE3D4 /* Resources */ = {
			isa = PBXResourcesBuildPhase;
			buildActionMask = 2147483647;
			files = (
			);
			runOnlyForDeploymentPostprocessing = 0;
		};
		8996D2C02E46348C005DE3D4 /* Resources */ = {
			isa = PBXResourcesBuildPhase;
			buildActionMask = 2147483647;
			files = (
			);
			runOnlyForDeploymentPostprocessing = 0;
		};
/* End PBXResourcesBuildPhase section */

/* Begin PBXSourcesBuildPhase section */
		8996D2A72E46348B005DE3D4 /* Sources */ = {
			isa = PBXSourcesBuildPhase;
			buildActionMask = 2147483647;
			files = (
				8996D34D2E46D185005DE3D4 /* FirestoreTestView.swift in Sources */,
			);
			runOnlyForDeploymentPostprocessing = 0;
		};
		8996D2B42E46348C005DE3D4 /* Sources */ = {
			isa = PBXSourcesBuildPhase;
			buildActionMask = 2147483647;
			files = (
			);
			runOnlyForDeploymentPostprocessing = 0;
		};
		8996D2BE2E46348C005DE3D4 /* Sources */ = {
			isa = PBXSourcesBuildPhase;
			buildActionMask = 2147483647;
			files = (
			);
			runOnlyForDeploymentPostprocessing = 0;
		};
/* End PBXSourcesBuildPhase section */

/* Begin PBXTargetDependency section */
		8996D2BA2E46348C005DE3D4 /* PBXTargetDependency */ = {
			isa = PBXTargetDependency;
			target = 8996D2AA2E46348B005DE3D4 /* HydraulicsWorkOrderApp */;
			targetProxy = 8996D2B92E46348C005DE3D4 /* PBXContainerItemProxy */;
		};
		8996D2C42E46348C005DE3D4 /* PBXTargetDependency */ = {
			isa = PBXTargetDependency;
			target = 8996D2AA2E46348B005DE3D4 /* HydraulicsWorkOrderApp */;
			targetProxy = 8996D2C32E46348C005DE3D4 /* PBXContainerItemProxy */;
		};
/* End PBXTargetDependency section */

/* Begin XCBuildConfiguration section */
		8996D2CA2E46348C005DE3D4 /* Debug */ = {
			isa = XCBuildConfiguration;
			buildSettings = {
				ALWAYS_SEARCH_USER_PATHS = NO;
				ASSETCATALOG_COMPILER_GENERATE_SWIFT_ASSET_SYMBOL_EXTENSIONS = YES;
				CLANG_ANALYZER_NONNULL = YES;
				CLANG_ANALYZER_NUMBER_OBJECT_CONVERSION = YES_AGGRESSIVE;
				CLANG_CXX_LANGUAGE_STANDARD = "gnu++20";
				CLANG_ENABLE_MODULES = YES;
				CLANG_ENABLE_OBJC_ARC = YES;
				CLANG_ENABLE_OBJC_WEAK = YES;
				CLANG_WARN_BLOCK_CAPTURE_AUTORELEASING = YES;
				CLANG_WARN_BOOL_CONVERSION = YES;
				CLANG_WARN_COMMA = YES;
				CLANG_WARN_CONSTANT_CONVERSION = YES;
				CLANG_WARN_DEPRECATED_OBJC_IMPLEMENTATIONS = YES;
				CLANG_WARN_DIRECT_OBJC_ISA_USAGE = YES_ERROR;
				CLANG_WARN_DOCUMENTATION_COMMENTS = YES;
				CLANG_WARN_EMPTY_BODY = YES;
				CLANG_WARN_ENUM_CONVERSION = YES;
				CLANG_WARN_INFINITE_RECURSION = YES;
				CLANG_WARN_INT_CONVERSION = YES;
				CLANG_WARN_NON_LITERAL_NULL_CONVERSION = YES;
				CLANG_WARN_OBJC_IMPLICIT_RETAIN_SELF = YES;
				CLANG_WARN_OBJC_LITERAL_CONVERSION = YES;
				CLANG_WARN_OBJC_ROOT_CLASS = YES_ERROR;
				CLANG_WARN_QUOTED_INCLUDE_IN_FRAMEWORK_HEADER = YES;
				CLANG_WARN_RANGE_LOOP_ANALYSIS = YES;
				CLANG_WARN_STRICT_PROTOTYPES = YES;
				CLANG_WARN_SUSPICIOUS_MOVE = YES;
				CLANG_WARN_UNGUARDED_AVAILABILITY = YES_AGGRESSIVE;
				CLANG_WARN_UNREACHABLE_CODE = YES;
				CLANG_WARN__DUPLICATE_METHOD_MATCH = YES;
				COPY_PHASE_STRIP = NO;
				DEBUG_INFORMATION_FORMAT = dwarf;
				DEVELOPMENT_TEAM = Z62PN4AU9K;
				ENABLE_STRICT_OBJC_MSGSEND = YES;
				ENABLE_TESTABILITY = YES;
				ENABLE_USER_SCRIPT_SANDBOXING = YES;
				GCC_C_LANGUAGE_STANDARD = gnu17;
				GCC_DYNAMIC_NO_PIC = NO;
				GCC_NO_COMMON_BLOCKS = YES;
				GCC_OPTIMIZATION_LEVEL = 0;
				GCC_PREPROCESSOR_DEFINITIONS = (
					"DEBUG=1",
					"$(inherited)",
				);
				GCC_WARN_64_TO_32_BIT_CONVERSION = YES;
				GCC_WARN_ABOUT_RETURN_TYPE = YES_ERROR;
				GCC_WARN_UNDECLARED_SELECTOR = YES;
				GCC_WARN_UNINITIALIZED_AUTOS = YES_AGGRESSIVE;
				GCC_WARN_UNUSED_FUNCTION = YES;
				GCC_WARN_UNUSED_VARIABLE = YES;
				IPHONEOS_DEPLOYMENT_TARGET = 18.5;
				LOCALIZATION_PREFERS_STRING_CATALOGS = YES;
				MTL_ENABLE_DEBUG_INFO = INCLUDE_SOURCE;
				MTL_FAST_MATH = YES;
				ONLY_ACTIVE_ARCH = YES;
				SDKROOT = iphoneos;
				SWIFT_ACTIVE_COMPILATION_CONDITIONS = "DEBUG $(inherited)";
				SWIFT_OPTIMIZATION_LEVEL = "-Onone";
			};
			name = Debug;
		};
		8996D2CB2E46348C005DE3D4 /* Release */ = {
			isa = XCBuildConfiguration;
			buildSettings = {
				ALWAYS_SEARCH_USER_PATHS = NO;
				ASSETCATALOG_COMPILER_GENERATE_SWIFT_ASSET_SYMBOL_EXTENSIONS = YES;
				CLANG_ANALYZER_NONNULL = YES;
				CLANG_ANALYZER_NUMBER_OBJECT_CONVERSION = YES_AGGRESSIVE;
				CLANG_CXX_LANGUAGE_STANDARD = "gnu++20";
				CLANG_ENABLE_MODULES = YES;
				CLANG_ENABLE_OBJC_ARC = YES;
				CLANG_ENABLE_OBJC_WEAK = YES;
				CLANG_WARN_BLOCK_CAPTURE_AUTORELEASING = YES;
				CLANG_WARN_BOOL_CONVERSION = YES;
				CLANG_WARN_COMMA = YES;
				CLANG_WARN_CONSTANT_CONVERSION = YES;
				CLANG_WARN_DEPRECATED_OBJC_IMPLEMENTATIONS = YES;
				CLANG_WARN_DIRECT_OBJC_ISA_USAGE = YES_ERROR;
				CLANG_WARN_DOCUMENTATION_COMMENTS = YES;
				CLANG_WARN_EMPTY_BODY = YES;
				CLANG_WARN_ENUM_CONVERSION = YES;
				CLANG_WARN_INFINITE_RECURSION = YES;
				CLANG_WARN_INT_CONVERSION = YES;
				CLANG_WARN_NON_LITERAL_NULL_CONVERSION = YES;
				CLANG_WARN_OBJC_IMPLICIT_RETAIN_SELF = YES;
				CLANG_WARN_OBJC_LITERAL_CONVERSION = YES;
				CLANG_WARN_OBJC_ROOT_CLASS = YES_ERROR;
				CLANG_WARN_QUOTED_INCLUDE_IN_FRAMEWORK_HEADER = YES;
				CLANG_WARN_RANGE_LOOP_ANALYSIS = YES;
				CLANG_WARN_STRICT_PROTOTYPES = YES;
				CLANG_WARN_SUSPICIOUS_MOVE = YES;
				CLANG_WARN_UNGUARDED_AVAILABILITY = YES_AGGRESSIVE;
				CLANG_WARN_UNREACHABLE_CODE = YES;
				CLANG_WARN__DUPLICATE_METHOD_MATCH = YES;
				COPY_PHASE_STRIP = NO;
				DEBUG_INFORMATION_FORMAT = "dwarf-with-dsym";
				DEVELOPMENT_TEAM = Z62PN4AU9K;
				ENABLE_NS_ASSERTIONS = NO;
				ENABLE_STRICT_OBJC_MSGSEND = YES;
				ENABLE_USER_SCRIPT_SANDBOXING = YES;
				GCC_C_LANGUAGE_STANDARD = gnu17;
				GCC_NO_COMMON_BLOCKS = YES;
				GCC_WARN_64_TO_32_BIT_CONVERSION = YES;
				GCC_WARN_ABOUT_RETURN_TYPE = YES_ERROR;
				GCC_WARN_UNDECLARED_SELECTOR = YES;
				GCC_WARN_UNINITIALIZED_AUTOS = YES_AGGRESSIVE;
				GCC_WARN_UNUSED_FUNCTION = YES;
				GCC_WARN_UNUSED_VARIABLE = YES;
				IPHONEOS_DEPLOYMENT_TARGET = 18.5;
				LOCALIZATION_PREFERS_STRING_CATALOGS = YES;
				MTL_ENABLE_DEBUG_INFO = NO;
				MTL_FAST_MATH = YES;
				SDKROOT = iphoneos;
				SWIFT_COMPILATION_MODE = wholemodule;
				VALIDATE_PRODUCT = YES;
			};
			name = Release;
		};
		8996D2CD2E46348C005DE3D4 /* Debug */ = {
			isa = XCBuildConfiguration;
			buildSettings = {
				ASSETCATALOG_COMPILER_APPICON_NAME = AppIcon;
				ASSETCATALOG_COMPILER_GLOBAL_ACCENT_COLOR_NAME = AccentColor;
				CODE_SIGN_STYLE = Automatic;
				CURRENT_PROJECT_VERSION = 1;
				DEVELOPMENT_TEAM = Z62PN4AU9K;
				ENABLE_PREVIEWS = YES;
				GENERATE_INFOPLIST_FILE = YES;
				INFOPLIST_KEY_UIApplicationSceneManifest_Generation = YES;
				INFOPLIST_KEY_UIApplicationSupportsIndirectInputEvents = YES;
				INFOPLIST_KEY_UILaunchScreen_Generation = YES;
				INFOPLIST_KEY_UISupportedInterfaceOrientations_iPad = "UIInterfaceOrientationPortrait UIInterfaceOrientationPortraitUpsideDown UIInterfaceOrientationLandscapeLeft UIInterfaceOrientationLandscapeRight";
				INFOPLIST_KEY_UISupportedInterfaceOrientations_iPhone = "UIInterfaceOrientationPortrait UIInterfaceOrientationLandscapeLeft UIInterfaceOrientationLandscapeRight";
				LD_RUNPATH_SEARCH_PATHS = (
					"$(inherited)",
					"@executable_path/Frameworks",
				);
				MARKETING_VERSION = 1.0;
				PRODUCT_BUNDLE_IDENTIFIER = HydraulicsWorkOrderApp;
				PRODUCT_NAME = "$(TARGET_NAME)";
				SWIFT_EMIT_LOC_STRINGS = YES;
				SWIFT_VERSION = 5.0;
				TARGETED_DEVICE_FAMILY = "1,2";
			};
			name = Debug;
		};
		8996D2CE2E46348C005DE3D4 /* Release */ = {
			isa = XCBuildConfiguration;
			buildSettings = {
				ASSETCATALOG_COMPILER_APPICON_NAME = AppIcon;
				ASSETCATALOG_COMPILER_GLOBAL_ACCENT_COLOR_NAME = AccentColor;
				CODE_SIGN_STYLE = Automatic;
				CURRENT_PROJECT_VERSION = 1;
				DEVELOPMENT_TEAM = Z62PN4AU9K;
				ENABLE_PREVIEWS = YES;
				GENERATE_INFOPLIST_FILE = YES;
				INFOPLIST_KEY_UIApplicationSceneManifest_Generation = YES;
				INFOPLIST_KEY_UIApplicationSupportsIndirectInputEvents = YES;
				INFOPLIST_KEY_UILaunchScreen_Generation = YES;
				INFOPLIST_KEY_UISupportedInterfaceOrientations_iPad = "UIInterfaceOrientationPortrait UIInterfaceOrientationPortraitUpsideDown UIInterfaceOrientationLandscapeLeft UIInterfaceOrientationLandscapeRight";
				INFOPLIST_KEY_UISupportedInterfaceOrientations_iPhone = "UIInterfaceOrientationPortrait UIInterfaceOrientationLandscapeLeft UIInterfaceOrientationLandscapeRight";
				LD_RUNPATH_SEARCH_PATHS = (
					"$(inherited)",
					"@executable_path/Frameworks",
				);
				MARKETING_VERSION = 1.0;
				PRODUCT_BUNDLE_IDENTIFIER = HydraulicsWorkOrderApp;
				PRODUCT_NAME = "$(TARGET_NAME)";
				SWIFT_EMIT_LOC_STRINGS = YES;
				SWIFT_VERSION = 5.0;
				TARGETED_DEVICE_FAMILY = "1,2";
			};
			name = Release;
		};
		8996D2D02E46348C005DE3D4 /* Debug */ = {
			isa = XCBuildConfiguration;
			buildSettings = {
				BUNDLE_LOADER = "$(TEST_HOST)";
				CODE_SIGN_STYLE = Automatic;
				CURRENT_PROJECT_VERSION = 1;
				DEVELOPMENT_TEAM = Z62PN4AU9K;
				GENERATE_INFOPLIST_FILE = YES;
				IPHONEOS_DEPLOYMENT_TARGET = 18.5;
				MARKETING_VERSION = 1.0;
				PRODUCT_BUNDLE_IDENTIFIER = Personal.HydraulicsWorkOrderAppTests;
				PRODUCT_NAME = "$(TARGET_NAME)";
				SWIFT_EMIT_LOC_STRINGS = NO;
				SWIFT_VERSION = 5.0;
				TARGETED_DEVICE_FAMILY = "1,2";
				TEST_HOST = "$(BUILT_PRODUCTS_DIR)/HydraulicsWorkOrderApp.app/$(BUNDLE_EXECUTABLE_FOLDER_PATH)/HydraulicsWorkOrderApp";
			};
			name = Debug;
		};
		8996D2D12E46348C005DE3D4 /* Release */ = {
			isa = XCBuildConfiguration;
			buildSettings = {
				BUNDLE_LOADER = "$(TEST_HOST)";
				CODE_SIGN_STYLE = Automatic;
				CURRENT_PROJECT_VERSION = 1;
				DEVELOPMENT_TEAM = Z62PN4AU9K;
				GENERATE_INFOPLIST_FILE = YES;
				IPHONEOS_DEPLOYMENT_TARGET = 18.5;
				MARKETING_VERSION = 1.0;
				PRODUCT_BUNDLE_IDENTIFIER = Personal.HydraulicsWorkOrderAppTests;
				PRODUCT_NAME = "$(TARGET_NAME)";
				SWIFT_EMIT_LOC_STRINGS = NO;
				SWIFT_VERSION = 5.0;
				TARGETED_DEVICE_FAMILY = "1,2";
				TEST_HOST = "$(BUILT_PRODUCTS_DIR)/HydraulicsWorkOrderApp.app/$(BUNDLE_EXECUTABLE_FOLDER_PATH)/HydraulicsWorkOrderApp";
			};
			name = Release;
		};
		8996D2D32E46348C005DE3D4 /* Debug */ = {
			isa = XCBuildConfiguration;
			buildSettings = {
				CODE_SIGN_STYLE = Automatic;
				CURRENT_PROJECT_VERSION = 1;
				DEVELOPMENT_TEAM = Z62PN4AU9K;
				GENERATE_INFOPLIST_FILE = YES;
				MARKETING_VERSION = 1.0;
				PRODUCT_BUNDLE_IDENTIFIER = Personal.HydraulicsWorkOrderAppUITests;
				PRODUCT_NAME = "$(TARGET_NAME)";
				SWIFT_EMIT_LOC_STRINGS = NO;
				SWIFT_VERSION = 5.0;
				TARGETED_DEVICE_FAMILY = "1,2";
				TEST_TARGET_NAME = HydraulicsWorkOrderApp;
			};
			name = Debug;
		};
		8996D2D42E46348C005DE3D4 /* Release */ = {
			isa = XCBuildConfiguration;
			buildSettings = {
				CODE_SIGN_STYLE = Automatic;
				CURRENT_PROJECT_VERSION = 1;
				DEVELOPMENT_TEAM = Z62PN4AU9K;
				GENERATE_INFOPLIST_FILE = YES;
				MARKETING_VERSION = 1.0;
				PRODUCT_BUNDLE_IDENTIFIER = Personal.HydraulicsWorkOrderAppUITests;
				PRODUCT_NAME = "$(TARGET_NAME)";
				SWIFT_EMIT_LOC_STRINGS = NO;
				SWIFT_VERSION = 5.0;
				TARGETED_DEVICE_FAMILY = "1,2";
				TEST_TARGET_NAME = HydraulicsWorkOrderApp;
			};
			name = Release;
		};
/* End XCBuildConfiguration section */

/* Begin XCConfigurationList section */
		8996D2A62E46348B005DE3D4 /* Build configuration list for PBXProject "HydraulicsWorkOrderApp" */ = {
			isa = XCConfigurationList;
			buildConfigurations = (
				8996D2CA2E46348C005DE3D4 /* Debug */,
				8996D2CB2E46348C005DE3D4 /* Release */,
			);
			defaultConfigurationIsVisible = 0;
			defaultConfigurationName = Release;
		};
		8996D2CC2E46348C005DE3D4 /* Build configuration list for PBXNativeTarget "HydraulicsWorkOrderApp" */ = {
			isa = XCConfigurationList;
			buildConfigurations = (
				8996D2CD2E46348C005DE3D4 /* Debug */,
				8996D2CE2E46348C005DE3D4 /* Release */,
			);
			defaultConfigurationIsVisible = 0;
			defaultConfigurationName = Release;
		};
		8996D2CF2E46348C005DE3D4 /* Build configuration list for PBXNativeTarget "HydraulicsWorkOrderAppTests" */ = {
			isa = XCConfigurationList;
			buildConfigurations = (
				8996D2D02E46348C005DE3D4 /* Debug */,
				8996D2D12E46348C005DE3D4 /* Release */,
			);
			defaultConfigurationIsVisible = 0;
			defaultConfigurationName = Release;
		};
		8996D2D22E46348C005DE3D4 /* Build configuration list for PBXNativeTarget "HydraulicsWorkOrderAppUITests" */ = {
			isa = XCConfigurationList;
			buildConfigurations = (
				8996D2D32E46348C005DE3D4 /* Debug */,
				8996D2D42E46348C005DE3D4 /* Release */,
			);
			defaultConfigurationIsVisible = 0;
			defaultConfigurationName = Release;
		};
/* End XCConfigurationList section */

/* Begin XCRemoteSwiftPackageReference section */
		8996D2D82E4636F3005DE3D4 /* XCRemoteSwiftPackageReference "firebase-ios-sdk" */ = {
			isa = XCRemoteSwiftPackageReference;
			repositoryURL = "https://github.com/firebase/firebase-ios-sdk";
			requirement = {
				kind = upToNextMajorVersion;
				minimumVersion = 10.18.0;
			};
		};
/* End XCRemoteSwiftPackageReference section */

/* Begin XCSwiftPackageProductDependency section */
		8996D2D92E4636F3005DE3D4 /* FirebaseFirestore */ = {
			isa = XCSwiftPackageProductDependency;
			package = 8996D2D82E4636F3005DE3D4 /* XCRemoteSwiftPackageReference "firebase-ios-sdk" */;
			productName = FirebaseFirestore;
		};
		8996D2DB2E4636F3005DE3D4 /* FirebaseFirestoreSwift */ = {
			isa = XCSwiftPackageProductDependency;
			package = 8996D2D82E4636F3005DE3D4 /* XCRemoteSwiftPackageReference "firebase-ios-sdk" */;
			productName = FirebaseFirestoreSwift;
		};
		8996D2DD2E4636F3005DE3D4 /* FirebaseStorage */ = {
			isa = XCSwiftPackageProductDependency;
			package = 8996D2D82E4636F3005DE3D4 /* XCRemoteSwiftPackageReference "firebase-ios-sdk" */;
			productName = FirebaseStorage;
		};
/* End XCSwiftPackageProductDependency section */
	};
	rootObject = 8996D2A32E46348B005DE3D4 /* Project object */;
}
