// !$*UTF8*$!
{
	archiveVersion = 1;
	classes = {
	};
	objectVersion = 77;
	objects = {

/* Begin PBXBuildFile section */
		8905EEA02E57AD96006AC3D3 /* FirebaseAuth in Frameworks */ = {isa = PBXBuildFile; productRef = 8905EE9F2E57AD96006AC3D3 /* FirebaseAuth */; };
		8905EEA22E57AD96006AC3D3 /* FirebaseFirestore in Frameworks */ = {isa = PBXBuildFile; productRef = 8905EEA12E57AD96006AC3D3 /* FirebaseFirestore */; };
		8905EEA42E57AD96006AC3D3 /* FirebaseFirestoreSwift in Frameworks */ = {isa = PBXBuildFile; productRef = 8905EEA32E57AD96006AC3D3 /* FirebaseFirestoreSwift */; };
		8905EEA62E57AD96006AC3D3 /* FirebaseStorage in Frameworks */ = {isa = PBXBuildFile; productRef = 8905EEA52E57AD96006AC3D3 /* FirebaseStorage */; };
		8905EEA72E57B19D006AC3D3 /* FirestoreTestView.swift in Sources */ = {isa = PBXBuildFile; fileRef = 8996D33F2E46D185005DE3D4 /* FirestoreTestView.swift */; };
		89DDB3C02E734BFC00F14821 /* FirebaseAuth in Frameworks */ = {isa = PBXBuildFile; productRef = 89DDB3BF2E734BFC00F14821 /* FirebaseAuth */; };
		89DDB3C22E734C0200F14821 /* FirebaseDatabase in Frameworks */ = {isa = PBXBuildFile; productRef = 89DDB3C12E734C0200F14821 /* FirebaseDatabase */; };
		89DDB3C42E734C0700F14821 /* FirebaseFirestore in Frameworks */ = {isa = PBXBuildFile; productRef = 89DDB3C32E734C0700F14821 /* FirebaseFirestore */; };
		89DDB3C62E734C0C00F14821 /* FirebaseStorage in Frameworks */ = {isa = PBXBuildFile; productRef = 89DDB3C52E734C0C00F14821 /* FirebaseStorage */; };
/* End PBXBuildFile section */

/* Begin PBXFileReference section */
		8905ED992E5795AE006AC3D3 /* HydraulicsWorkOrderApp.app */ = {isa = PBXFileReference; explicitFileType = wrapper.application; includeInIndex = 0; path = HydraulicsWorkOrderApp.app; sourceTree = BUILT_PRODUCTS_DIR; };
		8996D2B82E46348C005DE3D4 /* HydraulicsWorkOrderAppTests.xctest */ = {isa = PBXFileReference; explicitFileType = wrapper.cfbundle; includeInIndex = 0; path = HydraulicsWorkOrderAppTests.xctest; sourceTree = BUILT_PRODUCTS_DIR; };
		8996D2C22E46348C005DE3D4 /* HydraulicsWorkOrderAppUITests.xctest */ = {isa = PBXFileReference; explicitFileType = wrapper.cfbundle; includeInIndex = 0; path = HydraulicsWorkOrderAppUITests.xctest; sourceTree = BUILT_PRODUCTS_DIR; };
		8996D33F2E46D185005DE3D4 /* FirestoreTestView.swift */ = {isa = PBXFileReference; lastKnownFileType = sourcecode.swift; path = FirestoreTestView.swift; sourceTree = "<group>"; };
/* End PBXFileReference section */

/* Begin PBXFileSystemSynchronizedBuildFileExceptionSet section */
		8905EE292E5796A7006AC3D3 /* Exceptions for "HydraulicsWorkOrderApp" folder in "HydraulicsWorkOrderApp" target */ = {
			isa = PBXFileSystemSynchronizedBuildFileExceptionSet;
			membershipExceptions = (
				App/AppDelegate.swift,
				App/AppState.swift,
				Assets.xcassets,
				ContentView.swift,
				Documentation/HWOA_Component_Breakdown_09052025.md,
				"Documentation/HWOA_Cross-Doc_Acceptance_Checklist_09082025.md",
				Documentation/HWOA_Data_Schema_Map_09052025.md,
				Documentation/HWOA_DevChecklist_09052025.md,
				Documentation/HWOA_LayoutSpec_Template_09042025.md,
				Documentation/HWOA_Nav_Flow_09052025.md,
				Documentation/HWOA_PRD_09052025.md,
				Documentation/HWOA_ProjectInstructions_09052025.md,
				Documentation/HWOA_QuickRef_Acceptance_Checklist_09082025.md,
				Documentation/HWOA_Serialization_09052025.md,
				Documentation/HWOA_TestCases_09052025.md,
				Documentation/HWOA_Workflow_Narrative_09052025.md,
				Documentation/WO_Item_Dropdown_Checkbox_Template_09052025.md,
				HydraulicsWorkOrderAppApp.swift,
				Managers/Configuration/CompletionRequirementsManager.swift,
				Managers/Configuration/DevSettingsManager.swift,
				Managers/Configuration/DropdownManager.swift,
				Managers/Configuration/SampleDataLoader.swift,
				Managers/Data/CoreDataManager.swift,
				Managers/Data/CustomerDatabase.swift,
				Managers/Data/DropdownVersionService.swift,
				Managers/Data/ImageManagementService.swift,
				Managers/Data/InactivityManager.swift,
				Managers/Data/QRNumberTracker.swift,
				Managers/Data/StateManagementService.swift,
				Managers/Data/StorageManager.swift,
				Managers/Data/UsersDatabase.swift,
				Managers/Data/ValidationService.swift,
				Managers/Data/WorkOrdersDatabase.swift,
				Models/Core/CompletionValidationRequirements.swift,
				Models/Core/Customer.swift,
				Models/Core/TagReplacement.swift,
				Models/Core/User.swift,
				Models/Core/WO_Item.swift,
				Models/Core/WO_Note.swift,
				Models/Core/WO_Status.swift,
				Models/Core/WorkOrder.swift,
				Models/Enums/UserRole.swift,
				Models/OfflineDataModel.swift,
				Resources/AppleNotesYellow.json,
				"Resources/GoogleService-Info.plist",
				UI/Modifiers/OfflineStatusModifier.swift,
				Utilities/Authentication/DevBypassView.swift,
				Utilities/Authentication/LoginView.swift,
				Utilities/Components/SidebarToggleButton.swift,
				Utilities/Constants/DropdownSchema.swift,
				Utilities/Constants/Notifications.swift,
				Utilities/Constants/UIConstants.swift,
				"Utilities/Extensions/String+PhoneFormatting.swift",
				"Utilities/Extensions/Toolbar+SidebarToggle.swift",
				"Utilities/Extensions/View+Extensions.swift",
				"Utilities/Extensions/View+If.swift",
				Utilities/Helpers/CompressedImage.swift,
				Utilities/Helpers/StorageImageResolver.swift,
				Utilities/Helpers/WOItemUpdater.swift,
				Utilities/Helpers/WorkOrderNumberGenerator.swift,
				Utilities/Helpers/WorkOrderPreviewResolver.swift,
				Utilities/Helpers/YellowAccentButtonStyle.swift,
				Utilities/NetworkMonitor.swift,
				Utilities/OfflineManager.swift,
				Utilities/StatusMapping.swift,
				Utilities/ThemeManager.swift,
				Views/Admin/CompletionRequirementsSettingsView.swift,
				Views/Admin/DataMigrationView.swift,
				Views/Admin/DeletedWorkOrdersView.swift,
				Views/Admin/DropdownManagerView.swift,
				Views/Admin/MyWorkItemsView.swift,
				Views/Admin/QRBatchGeneratorView.swift,
				Views/Admin/QRBatchReservation.swift,
				Views/Admin/SettingsView.swift,
				Views/Admin/SyncStatusView.swift,
				Views/Admin/UserDetailView.swift,
				Views/Admin/UserEditView.swift,
				Views/Admin/UserManagerView.swift,
				Views/Admin/UsersListView.swift,
				Views/Components/CompletionDetailsSheet.swift,
				Views/Components/DropdownField.swift,
				Views/Components/EmojiSelectionView.swift,
				Views/Components/FullScreenImageViewer.swift,
				Views/Components/ImageCaptureServiceView.swift,
				Views/Components/ImageMarkupView.swift,
				Views/Components/ItemCard.swift,
				Views/Components/NotesTimelineView.swift,
				Views/Components/PhotoCaptureView.swift,
				Views/Components/QRScannerView.swift,
				Views/Components/ScanTagSheet.swift,
				Views/Components/SimpleAddNotesView.swift,
				Views/Components/StatusBadge.swift,
				Views/Components/TagScanningView.swift,
				Views/Components/VersionMismatchWarningView.swift,
				Views/Components/WOItemAccordionRow.swift,
				Views/Components/WorkOrderCardView.swift,
				Views/Components/WorkOrderItemImagesView.swift,
				Views/Main/ActiveWorkOrdersView.swift,
				Views/Main/AddWOItemFormView.swift,
				Views/Main/AddWOItemView.swift,
				Views/Main/ClosedWorkOrdersView.swift,
				Views/Main/CustomerDetailView.swift,
				Views/Main/CustomersView.swift,
				Views/Main/FilteredWorkOrderDetailView.swift,
				Views/Main/ItemDetailSheetView.swift,
				Views/Main/MyLoginInfoView.swift,
				Views/Main/MyWorkOrderItemsView.swift,
				Views/Main/NewCustomerModalView.swift,
				Views/Main/NewWorkOrderView.swift,
				Views/Main/SimpleRouterView.swift,
				Views/Main/WorkOrderDetailView.swift,
				Views/Main/WorkOrderItemDetailView.swift,
				Views/Sidebar/SidebarMenuContent.swift,
				Views/Sidebar/SidebarMenuSheet.swift,
				Views/Sidebar/SidebarMenuView.swift,
				Views/ViewModels/ActiveWorkOrdersViewModel.swift,
				Views/ViewModels/CustomerSearchViewModel.swift,
				Views/ViewModels/NewWorkOrderViewModel.swift,
				Views/ViewModels/WorkOrderDetailViewModel.swift,
			);
			target = 8905ED982E5795AE006AC3D3 /* HydraulicsWorkOrderApp */;
		};
/* End PBXFileSystemSynchronizedBuildFileExceptionSet section */

/* Begin PBXFileSystemSynchronizedRootGroup section */
		8996D2AD2E46348B005DE3D4 /* HydraulicsWorkOrderApp */ = {
			isa = PBXFileSystemSynchronizedRootGroup;
			exceptions = (
				8905EE292E5796A7006AC3D3 /* Exceptions for "HydraulicsWorkOrderApp" folder in "HydraulicsWorkOrderApp" target */,
			);
			path = HydraulicsWorkOrderApp;
			sourceTree = "<group>";
		};
		8996D2BB2E46348C005DE3D4 /* HydraulicsWorkOrderAppTests */ = {
			isa = PBXFileSystemSynchronizedRootGroup;
			path = HydraulicsWorkOrderAppTests;
			sourceTree = "<group>";
		};
		8996D2C52E46348C005DE3D4 /* HydraulicsWorkOrderAppUITests */ = {
			isa = PBXFileSystemSynchronizedRootGroup;
			path = HydraulicsWorkOrderAppUITests;
			sourceTree = "<group>";
		};
/* End PBXFileSystemSynchronizedRootGroup section */

/* Begin PBXFrameworksBuildPhase section */
		8905ED962E5795AE006AC3D3 /* Frameworks */ = {
			isa = PBXFrameworksBuildPhase;
			buildActionMask = 2147483647;
			files = (
				8905EEA02E57AD96006AC3D3 /* FirebaseAuth in Frameworks */,
				8905EEA62E57AD96006AC3D3 /* FirebaseStorage in Frameworks */,
				8905EEA22E57AD96006AC3D3 /* FirebaseFirestore in Frameworks */,
				8905EEA42E57AD96006AC3D3 /* FirebaseFirestoreSwift in Frameworks */,
			);
			runOnlyForDeploymentPostprocessing = 0;
		};
		8996D2B52E46348C005DE3D4 /* Frameworks */ = {
			isa = PBXFrameworksBuildPhase;
			buildActionMask = 2147483647;
			files = (
				89DDB3C22E734C0200F14821 /* FirebaseDatabase in Frameworks */,
				89DDB3C62E734C0C00F14821 /* FirebaseStorage in Frameworks */,
				89DDB3C02E734BFC00F14821 /* FirebaseAuth in Frameworks */,
				89DDB3C42E734C0700F14821 /* FirebaseFirestore in Frameworks */,
			);
			runOnlyForDeploymentPostprocessing = 0;
		};
		8996D2BF2E46348C005DE3D4 /* Frameworks */ = {
			isa = PBXFrameworksBuildPhase;
			buildActionMask = 2147483647;
			files = (
			);
			runOnlyForDeploymentPostprocessing = 0;
		};
/* End PBXFrameworksBuildPhase section */

/* Begin PBXGroup section */
		8996D2A22E46348B005DE3D4 = {
			isa = PBXGroup;
			children = (
				8996D2AD2E46348B005DE3D4 /* HydraulicsWorkOrderApp */,
				8996D2BB2E46348C005DE3D4 /* HydraulicsWorkOrderAppTests */,
				8996D2C52E46348C005DE3D4 /* HydraulicsWorkOrderAppUITests */,
				8996D2AC2E46348B005DE3D4 /* Products */,
				8996D33F2E46D185005DE3D4 /* FirestoreTestView.swift */,
				89DDB3B62E734B1600F14821 /* Frameworks */,
			);
			sourceTree = "<group>";
		};
		8996D2AC2E46348B005DE3D4 /* Products */ = {
			isa = PBXGroup;
			children = (
				8996D2B82E46348C005DE3D4 /* HydraulicsWorkOrderAppTests.xctest */,
				8996D2C22E46348C005DE3D4 /* HydraulicsWorkOrderAppUITests.xctest */,
				8905ED992E5795AE006AC3D3 /* HydraulicsWorkOrderApp.app */,
			);
			name = Products;
			sourceTree = "<group>";
		};
		89DDB3B62E734B1600F14821 /* Frameworks */ = {
			isa = PBXGroup;
			children = (
			);
			name = Frameworks;
			sourceTree = "<group>";
		};
/* End PBXGroup section */

/* Begin PBXNativeTarget section */
		8905ED982E5795AE006AC3D3 /* HydraulicsWorkOrderApp */ = {
			isa = PBXNativeTarget;
			buildConfigurationList = 8905EDA12E5795AF006AC3D3 /* Build configuration list for PBXNativeTarget "HydraulicsWorkOrderApp" */;
			buildPhases = (
				8905ED952E5795AE006AC3D3 /* Sources */,
				8905ED962E5795AE006AC3D3 /* Frameworks */,
				8905ED972E5795AE006AC3D3 /* Resources */,
			);
			buildRules = (
			);
			dependencies = (
			);
			name = HydraulicsWorkOrderApp;
			packageProductDependencies = (
				8905EE9F2E57AD96006AC3D3 /* FirebaseAuth */,
				8905EEA12E57AD96006AC3D3 /* FirebaseFirestore */,
				8905EEA32E57AD96006AC3D3 /* FirebaseFirestoreSwift */,
				8905EEA52E57AD96006AC3D3 /* FirebaseStorage */,
			);
			productName = HydraulicsWorkOrderApp;
			productReference = 8905ED992E5795AE006AC3D3 /* HydraulicsWorkOrderApp.app */;
			productType = "com.apple.product-type.application";
		};
		8996D2B72E46348C005DE3D4 /* HydraulicsWorkOrderAppTests */ = {
			isa = PBXNativeTarget;
			buildConfigurationList = 8996D2CF2E46348C005DE3D4 /* Build configuration list for PBXNativeTarget "HydraulicsWorkOrderAppTests" */;
			buildPhases = (
				8996D2B42E46348C005DE3D4 /* Sources */,
				8996D2B52E46348C005DE3D4 /* Frameworks */,
				8996D2B62E46348C005DE3D4 /* Resources */,
			);
			buildRules = (
			);
			dependencies = (
			);
			fileSystemSynchronizedGroups = (
				8996D2BB2E46348C005DE3D4 /* HydraulicsWorkOrderAppTests */,
			);
			name = HydraulicsWorkOrderAppTests;
			packageProductDependencies = (
				89DDB3BF2E734BFC00F14821 /* FirebaseAuth */,
				89DDB3C12E734C0200F14821 /* FirebaseDatabase */,
				89DDB3C32E734C0700F14821 /* FirebaseFirestore */,
				89DDB3C52E734C0C00F14821 /* FirebaseStorage */,
			);
			productName = HydraulicsWorkOrderAppTests;
			productReference = 8996D2B82E46348C005DE3D4 /* HydraulicsWorkOrderAppTests.xctest */;
			productType = "com.apple.product-type.bundle.unit-test";
		};
		8996D2C12E46348C005DE3D4 /* HydraulicsWorkOrderAppUITests */ = {
			isa = PBXNativeTarget;
			buildConfigurationList = 8996D2D22E46348C005DE3D4 /* Build configuration list for PBXNativeTarget "HydraulicsWorkOrderAppUITests" */;
			buildPhases = (
				8996D2BE2E46348C005DE3D4 /* Sources */,
				8996D2BF2E46348C005DE3D4 /* Frameworks */,
				8996D2C02E46348C005DE3D4 /* Resources */,
			);
			buildRules = (
			);
			dependencies = (
			);
			fileSystemSynchronizedGroups = (
				8996D2C52E46348C005DE3D4 /* HydraulicsWorkOrderAppUITests */,
			);
			name = HydraulicsWorkOrderAppUITests;
			packageProductDependencies = (
			);
			productName = HydraulicsWorkOrderAppUITests;
			productReference = 8996D2C22E46348C005DE3D4 /* HydraulicsWorkOrderAppUITests.xctest */;
			productType = "com.apple.product-type.bundle.ui-testing";
		};
/* End PBXNativeTarget section */

/* Begin PBXProject section */
		8996D2A32E46348B005DE3D4 /* Project object */ = {
			isa = PBXProject;
			attributes = {
				BuildIndependentTargetsInParallel = 1;
				LastSwiftUpdateCheck = 1640;
				LastUpgradeCheck = 2600;
				TargetAttributes = {
					8905ED982E5795AE006AC3D3 = {
						CreatedOnToolsVersion = 16.4;
					};
					8996D2B72E46348C005DE3D4 = {
						CreatedOnToolsVersion = 16.4;
						TestTargetID = 8996D2AA2E46348B005DE3D4;
					};
					8996D2C12E46348C005DE3D4 = {
						CreatedOnToolsVersion = 16.4;
						TestTargetID = 8996D2AA2E46348B005DE3D4;
					};
				};
			};
			buildConfigurationList = 8996D2A62E46348B005DE3D4 /* Build configuration list for PBXProject "HydraulicsWorkOrderApp" */;
			developmentRegion = en;
			hasScannedForEncodings = 0;
			knownRegions = (
				en,
				Base,
			);
			mainGroup = 8996D2A22E46348B005DE3D4;
			minimizedProjectReferenceProxies = 1;
			packageReferences = (
				8905EE9E2E57AD96006AC3D3 /* XCRemoteSwiftPackageReference "firebase-ios-sdk" */,
			);
			preferredProjectObjectVersion = 77;
			productRefGroup = 8996D2AC2E46348B005DE3D4 /* Products */;
			projectDirPath = "";
			projectRoot = "";
			targets = (
				8996D2B72E46348C005DE3D4 /* HydraulicsWorkOrderAppTests */,
				8996D2C12E46348C005DE3D4 /* HydraulicsWorkOrderAppUITests */,
				8905ED982E5795AE006AC3D3 /* HydraulicsWorkOrderApp */,
			);
		};
/* End PBXProject section */

/* Begin PBXResourcesBuildPhase section */
		8905ED972E5795AE006AC3D3 /* Resources */ = {
			isa = PBXResourcesBuildPhase;
			buildActionMask = 2147483647;
			files = (
			);
			runOnlyForDeploymentPostprocessing = 0;
		};
		8996D2B62E46348C005DE3D4 /* Resources */ = {
			isa = PBXResourcesBuildPhase;
			buildActionMask = 2147483647;
			files = (
			);
			runOnlyForDeploymentPostprocessing = 0;
		};
		8996D2C02E46348C005DE3D4 /* Resources */ = {
			isa = PBXResourcesBuildPhase;
			buildActionMask = 2147483647;
			files = (
			);
			runOnlyForDeploymentPostprocessing = 0;
		};
/* End PBXResourcesBuildPhase section */

/* Begin PBXSourcesBuildPhase section */
		8905ED952E5795AE006AC3D3 /* Sources */ = {
			isa = PBXSourcesBuildPhase;
			buildActionMask = 2147483647;
			files = (
				8905EEA72E57B19D006AC3D3 /* FirestoreTestView.swift in Sources */,
			);
			runOnlyForDeploymentPostprocessing = 0;
		};
		8996D2B42E46348C005DE3D4 /* Sources */ = {
			isa = PBXSourcesBuildPhase;
			buildActionMask = 2147483647;
			files = (
			);
			runOnlyForDeploymentPostprocessing = 0;
		};
		8996D2BE2E46348C005DE3D4 /* Sources */ = {
			isa = PBXSourcesBuildPhase;
			buildActionMask = 2147483647;
			files = (
			);
			runOnlyForDeploymentPostprocessing = 0;
		};
/* End PBXSourcesBuildPhase section */

/* Begin XCBuildConfiguration section */
		8905EDA22E5795AF006AC3D3 /* Debug */ = {
			isa = XCBuildConfiguration;
			buildSettings = {
				ASSETCATALOG_COMPILER_APPICON_NAME = AppIcon;
				ASSETCATALOG_COMPILER_GLOBAL_ACCENT_COLOR_NAME = AccentColor;
				CODE_SIGN_STYLE = Automatic;
				CURRENT_PROJECT_VERSION = 1;
				DEVELOPMENT_TEAM = Z62PN4AU9K;
				ENABLE_PREVIEWS = YES;
				GENERATE_INFOPLIST_FILE = NO;
				INFOPLIST_FILE = Info.plist;
				INFOPLIST_KEY_UIApplicationSceneManifest_Generation = YES;
				INFOPLIST_KEY_UIApplicationSupportsIndirectInputEvents = YES;
				INFOPLIST_KEY_UILaunchScreen_Generation = YES;
				INFOPLIST_KEY_UISupportedInterfaceOrientations_iPad = "UIInterfaceOrientationPortrait UIInterfaceOrientationPortraitUpsideDown UIInterfaceOrientationLandscapeLeft UIInterfaceOrientationLandscapeRight";
				INFOPLIST_KEY_UISupportedInterfaceOrientations_iPhone = "UIInterfaceOrientationPortrait UIInterfaceOrientationLandscapeLeft UIInterfaceOrientationLandscapeRight";
				LD_RUNPATH_SEARCH_PATHS = (
					"$(inherited)",
					"@executable_path/Frameworks",
				);
				MARKETING_VERSION = 1.0;
				PRODUCT_BUNDLE_IDENTIFIER = HydraulicsWorkOrderApp;
				PRODUCT_NAME = "$(TARGET_NAME)";
				SWIFT_EMIT_LOC_STRINGS = YES;
				SWIFT_VERSION = 5.0;
				TARGETED_DEVICE_FAMILY = "1,2";
			};
			name = Debug;
		};
		8905EDA32E5795AF006AC3D3 /* Release */ = {
			isa = XCBuildConfiguration;
			buildSettings = {
				ASSETCATALOG_COMPILER_APPICON_NAME = AppIcon;
				ASSETCATALOG_COMPILER_GLOBAL_ACCENT_COLOR_NAME = AccentColor;
				CODE_SIGN_STYLE = Automatic;
				CURRENT_PROJECT_VERSION = 1;
				DEVELOPMENT_TEAM = Z62PN4AU9K;
				ENABLE_PREVIEWS = YES;
				GENERATE_INFOPLIST_FILE = NO;
				INFOPLIST_FILE = Info.plist;
				INFOPLIST_KEY_UIApplicationSceneManifest_Generation = YES;
				INFOPLIST_KEY_UIApplicationSupportsIndirectInputEvents = YES;
				INFOPLIST_KEY_UILaunchScreen_Generation = YES;
				INFOPLIST_KEY_UISupportedInterfaceOrientations_iPad = "UIInterfaceOrientationPortrait UIInterfaceOrientationPortraitUpsideDown UIInterfaceOrientationLandscapeLeft UIInterfaceOrientationLandscapeRight";
				INFOPLIST_KEY_UISupportedInterfaceOrientations_iPhone = "UIInterfaceOrientationPortrait UIInterfaceOrientationLandscapeLeft UIInterfaceOrientationLandscapeRight";
				LD_RUNPATH_SEARCH_PATHS = (
					"$(inherited)",
					"@executable_path/Frameworks",
				);
				MARKETING_VERSION = 1.0;
				PRODUCT_BUNDLE_IDENTIFIER = HydraulicsWorkOrderApp;
				PRODUCT_NAME = "$(TARGET_NAME)";
				SWIFT_EMIT_LOC_STRINGS = YES;
				SWIFT_VERSION = 5.0;
				TARGETED_DEVICE_FAMILY = "1,2";
			};
			name = Release;
		};
		8996D2CA2E46348C005DE3D4 /* Debug */ = {
			isa = XCBuildConfiguration;
			buildSettings = {
				ALWAYS_SEARCH_USER_PATHS = NO;
				ASSETCATALOG_COMPILER_GENERATE_SWIFT_ASSET_SYMBOL_EXTENSIONS = YES;
				CLANG_ANALYZER_NONNULL = YES;
				CLANG_ANALYZER_NUMBER_OBJECT_CONVERSION = YES_AGGRESSIVE;
				CLANG_CXX_LANGUAGE_STANDARD = "gnu++20";
				CLANG_ENABLE_MODULES = YES;
				CLANG_ENABLE_OBJC_ARC = YES;
				CLANG_ENABLE_OBJC_WEAK = YES;
				CLANG_WARN_BLOCK_CAPTURE_AUTORELEASING = YES;
				CLANG_WARN_BOOL_CONVERSION = YES;
				CLANG_WARN_COMMA = YES;
				CLANG_WARN_CONSTANT_CONVERSION = YES;
				CLANG_WARN_DEPRECATED_OBJC_IMPLEMENTATIONS = YES;
				CLANG_WARN_DIRECT_OBJC_ISA_USAGE = YES_ERROR;
				CLANG_WARN_DOCUMENTATION_COMMENTS = YES;
				CLANG_WARN_EMPTY_BODY = YES;
				CLANG_WARN_ENUM_CONVERSION = YES;
				CLANG_WARN_INFINITE_RECURSION = YES;
				CLANG_WARN_INT_CONVERSION = YES;
				CLANG_WARN_NON_LITERAL_NULL_CONVERSION = YES;
				CLANG_WARN_OBJC_IMPLICIT_RETAIN_SELF = YES;
				CLANG_WARN_OBJC_LITERAL_CONVERSION = YES;
				CLANG_WARN_OBJC_ROOT_CLASS = YES_ERROR;
				CLANG_WARN_QUOTED_INCLUDE_IN_FRAMEWORK_HEADER = YES;
				CLANG_WARN_RANGE_LOOP_ANALYSIS = YES;
				CLANG_WARN_STRICT_PROTOTYPES = YES;
				CLANG_WARN_SUSPICIOUS_MOVE = YES;
				CLANG_WARN_UNGUARDED_AVAILABILITY = YES_AGGRESSIVE;
				CLANG_WARN_UNREACHABLE_CODE = YES;
				CLANG_WARN__DUPLICATE_METHOD_MATCH = YES;
				COPY_PHASE_STRIP = NO;
				DEBUG_INFORMATION_FORMAT = dwarf;
				DEVELOPMENT_TEAM = Z62PN4AU9K;
				ENABLE_STRICT_OBJC_MSGSEND = YES;
				ENABLE_TESTABILITY = YES;
				ENABLE_USER_SCRIPT_SANDBOXING = YES;
				GCC_C_LANGUAGE_STANDARD = gnu17;
				GCC_DYNAMIC_NO_PIC = NO;
				GCC_NO_COMMON_BLOCKS = YES;
				GCC_OPTIMIZATION_LEVEL = 0;
				GCC_PREPROCESSOR_DEFINITIONS = (
					"DEBUG=1",
					"$(inherited)",
				);
				GCC_WARN_64_TO_32_BIT_CONVERSION = YES;
				GCC_WARN_ABOUT_RETURN_TYPE = YES_ERROR;
				GCC_WARN_UNDECLARED_SELECTOR = YES;
				GCC_WARN_UNINITIALIZED_AUTOS = YES_AGGRESSIVE;
				GCC_WARN_UNUSED_FUNCTION = YES;
				GCC_WARN_UNUSED_VARIABLE = YES;
				GENERATE_INFOPLIST_FILE = NO;
				INFOPLIST_FILE = Info.plist;
				IPHONEOS_DEPLOYMENT_TARGET = 18.5;
				LOCALIZATION_PREFERS_STRING_CATALOGS = YES;
				MTL_ENABLE_DEBUG_INFO = INCLUDE_SOURCE;
				MTL_FAST_MATH = YES;
				ONLY_ACTIVE_ARCH = YES;
				SDKROOT = iphoneos;
				STRING_CATALOG_GENERATE_SYMBOLS = YES;
				SWIFT_ACTIVE_COMPILATION_CONDITIONS = "DEBUG $(inherited)";
				SWIFT_OPTIMIZATION_LEVEL = "-Onone";
			};
			name = Debug;
		};
		8996D2CB2E46348C005DE3D4 /* Release */ = {
			isa = XCBuildConfiguration;
			buildSettings = {
				ALWAYS_SEARCH_USER_PATHS = NO;
				ASSETCATALOG_COMPILER_GENERATE_SWIFT_ASSET_SYMBOL_EXTENSIONS = YES;
				CLANG_ANALYZER_NONNULL = YES;
				CLANG_ANALYZER_NUMBER_OBJECT_CONVERSION = YES_AGGRESSIVE;
				CLANG_CXX_LANGUAGE_STANDARD = "gnu++20";
				CLANG_ENABLE_MODULES = YES;
				CLANG_ENABLE_OBJC_ARC = YES;
				CLANG_ENABLE_OBJC_WEAK = YES;
				CLANG_WARN_BLOCK_CAPTURE_AUTORELEASING = YES;
				CLANG_WARN_BOOL_CONVERSION = YES;
				CLANG_WARN_COMMA = YES;
				CLANG_WARN_CONSTANT_CONVERSION = YES;
				CLANG_WARN_DEPRECATED_OBJC_IMPLEMENTATIONS = YES;
				CLANG_WARN_DIRECT_OBJC_ISA_USAGE = YES_ERROR;
				CLANG_WARN_DOCUMENTATION_COMMENTS = YES;
				CLANG_WARN_EMPTY_BODY = YES;
				CLANG_WARN_ENUM_CONVERSION = YES;
				CLANG_WARN_INFINITE_RECURSION = YES;
				CLANG_WARN_INT_CONVERSION = YES;
				CLANG_WARN_NON_LITERAL_NULL_CONVERSION = YES;
				CLANG_WARN_OBJC_IMPLICIT_RETAIN_SELF = YES;
				CLANG_WARN_OBJC_LITERAL_CONVERSION = YES;
				CLANG_WARN_OBJC_ROOT_CLASS = YES_ERROR;
				CLANG_WARN_QUOTED_INCLUDE_IN_FRAMEWORK_HEADER = YES;
				CLANG_WARN_RANGE_LOOP_ANALYSIS = YES;
				CLANG_WARN_STRICT_PROTOTYPES = YES;
				CLANG_WARN_SUSPICIOUS_MOVE = YES;
				CLANG_WARN_UNGUARDED_AVAILABILITY = YES_AGGRESSIVE;
				CLANG_WARN_UNREACHABLE_CODE = YES;
				CLANG_WARN__DUPLICATE_METHOD_MATCH = YES;
				COPY_PHASE_STRIP = NO;
				DEBUG_INFORMATION_FORMAT = "dwarf-with-dsym";
				DEVELOPMENT_TEAM = Z62PN4AU9K;
				ENABLE_NS_ASSERTIONS = NO;
				ENABLE_STRICT_OBJC_MSGSEND = YES;
				ENABLE_USER_SCRIPT_SANDBOXING = YES;
				GCC_C_LANGUAGE_STANDARD = gnu17;
				GCC_NO_COMMON_BLOCKS = YES;
				GCC_WARN_64_TO_32_BIT_CONVERSION = YES;
				GCC_WARN_ABOUT_RETURN_TYPE = YES_ERROR;
				GCC_WARN_UNDECLARED_SELECTOR = YES;
				GCC_WARN_UNINITIALIZED_AUTOS = YES_AGGRESSIVE;
				GCC_WARN_UNUSED_FUNCTION = YES;
				GCC_WARN_UNUSED_VARIABLE = YES;
				GENERATE_INFOPLIST_FILE = NO;
				INFOPLIST_FILE = Info.plist;
				IPHONEOS_DEPLOYMENT_TARGET = 18.5;
				LOCALIZATION_PREFERS_STRING_CATALOGS = YES;
				MTL_ENABLE_DEBUG_INFO = NO;
				MTL_FAST_MATH = YES;
				SDKROOT = iphoneos;
				STRING_CATALOG_GENERATE_SYMBOLS = YES;
				SWIFT_COMPILATION_MODE = wholemodule;
				VALIDATE_PRODUCT = YES;
			};
			name = Release;
		};
		8996D2D02E46348C005DE3D4 /* Debug */ = {
			isa = XCBuildConfiguration;
			buildSettings = {
				BUNDLE_LOADER = "$(TEST_HOST)";
				CODE_SIGN_STYLE = Automatic;
				CURRENT_PROJECT_VERSION = 1;
				DEVELOPMENT_TEAM = Z62PN4AU9K;
				GENERATE_INFOPLIST_FILE = NO;
				INFOPLIST_FILE = "";
				INFOPLIST_KEY_CFBundleDisplayName = "";
				INFOPLIST_KEY_LSApplicationCategoryType = "";
				INFOPLIST_KEY_NSCameraUsageDescription = "This app uses the camera to scan QR codes for equipment identification and work order management.";
				INFOPLIST_KEY_NSPhotoLibraryUsageDescription = "This app accesses your photo library to attach images to work orders and equipment records.";
				IPHONEOS_DEPLOYMENT_TARGET = 18.5;
				MARKETING_VERSION = 1.0;
				NEW_SETTING = "";
				NEW_SETTING1 = "";
				NEW_SETTING2 = "";
				PRODUCT_BUNDLE_IDENTIFIER = HydraulicsWorkOrderApp;
				PRODUCT_NAME = "$(TARGET_NAME)";
				SWIFT_EMIT_LOC_STRINGS = NO;
				SWIFT_VERSION = 5.0;
				TARGETED_DEVICE_FAMILY = "1,2";
				TEST_HOST = "$(BUILT_PRODUCTS_DIR)/HydraulicsWorkOrderApp.app/$(BUNDLE_EXECUTABLE_FOLDER_PATH)/HydraulicsWorkOrderApp";
			};
			name = Debug;
		};
		8996D2D12E46348C005DE3D4 /* Release */ = {
			isa = XCBuildConfiguration;
			buildSettings = {
				BUNDLE_LOADER = "$(TEST_HOST)";
				CODE_SIGN_STYLE = Automatic;
				CURRENT_PROJECT_VERSION = 1;
				DEVELOPMENT_TEAM = Z62PN4AU9K;
				GENERATE_INFOPLIST_FILE = NO;
				INFOPLIST_FILE = "";
				INFOPLIST_KEY_CFBundleDisplayName = "";
				INFOPLIST_KEY_LSApplicationCategoryType = "";
				INFOPLIST_KEY_NSCameraUsageDescription = "This app uses the camera to scan QR codes for equipment identification and work order management.";
				INFOPLIST_KEY_NSPhotoLibraryUsageDescription = "This app accesses your photo library to attach images to work orders and equipment records.";
				IPHONEOS_DEPLOYMENT_TARGET = 18.5;
				MARKETING_VERSION = 1.0;
				NEW_SETTING = "";
				NEW_SETTING1 = "";
				NEW_SETTING2 = "";
				PRODUCT_BUNDLE_IDENTIFIER = HydraulicsWorkOrderApp;
				PRODUCT_NAME = "$(TARGET_NAME)";
				SWIFT_EMIT_LOC_STRINGS = NO;
				SWIFT_VERSION = 5.0;
				TARGETED_DEVICE_FAMILY = "1,2";
				TEST_HOST = "$(BUILT_PRODUCTS_DIR)/HydraulicsWorkOrderApp.app/$(BUNDLE_EXECUTABLE_FOLDER_PATH)/HydraulicsWorkOrderApp";
			};
			name = Release;
		};
		8996D2D32E46348C005DE3D4 /* Debug */ = {
			isa = XCBuildConfiguration;
			buildSettings = {
				CODE_SIGN_STYLE = Automatic;
				CURRENT_PROJECT_VERSION = 1;
				DEVELOPMENT_TEAM = Z62PN4AU9K;
				GENERATE_INFOPLIST_FILE = YES;
				MARKETING_VERSION = 1.0;
				PRODUCT_BUNDLE_IDENTIFIER = Personal.HydraulicsWorkOrderAppUITests;
				PRODUCT_NAME = "$(TARGET_NAME)";
				SWIFT_EMIT_LOC_STRINGS = NO;
				SWIFT_VERSION = 5.0;
				TARGETED_DEVICE_FAMILY = "1,2";
				TEST_TARGET_NAME = HydraulicsWorkOrderApp;
			};
			name = Debug;
		};
		8996D2D42E46348C005DE3D4 /* Release */ = {
			isa = XCBuildConfiguration;
			buildSettings = {
				CODE_SIGN_STYLE = Automatic;
				CURRENT_PROJECT_VERSION = 1;
				DEVELOPMENT_TEAM = Z62PN4AU9K;
				GENERATE_INFOPLIST_FILE = YES;
				MARKETING_VERSION = 1.0;
				PRODUCT_BUNDLE_IDENTIFIER = Personal.HydraulicsWorkOrderAppUITests;
				PRODUCT_NAME = "$(TARGET_NAME)";
				SWIFT_EMIT_LOC_STRINGS = NO;
				SWIFT_VERSION = 5.0;
				TARGETED_DEVICE_FAMILY = "1,2";
				TEST_TARGET_NAME = HydraulicsWorkOrderApp;
			};
			name = Release;
		};
/* End XCBuildConfiguration section */

/* Begin XCConfigurationList section */
		8905EDA12E5795AF006AC3D3 /* Build configuration list for PBXNativeTarget "HydraulicsWorkOrderApp" */ = {
			isa = XCConfigurationList;
			buildConfigurations = (
				8905EDA22E5795AF006AC3D3 /* Debug */,
				8905EDA32E5795AF006AC3D3 /* Release */,
			);
			defaultConfigurationIsVisible = 0;
			defaultConfigurationName = Release;
		};
		8996D2A62E46348B005DE3D4 /* Build configuration list for PBXProject "HydraulicsWorkOrderApp" */ = {
			isa = XCConfigurationList;
			buildConfigurations = (
				8996D2CA2E46348C005DE3D4 /* Debug */,
				8996D2CB2E46348C005DE3D4 /* Release */,
			);
			defaultConfigurationIsVisible = 0;
			defaultConfigurationName = Release;
		};
		8996D2CF2E46348C005DE3D4 /* Build configuration list for PBXNativeTarget "HydraulicsWorkOrderAppTests" */ = {
			isa = XCConfigurationList;
			buildConfigurations = (
				8996D2D02E46348C005DE3D4 /* Debug */,
				8996D2D12E46348C005DE3D4 /* Release */,
			);
			defaultConfigurationIsVisible = 0;
			defaultConfigurationName = Release;
		};
		8996D2D22E46348C005DE3D4 /* Build configuration list for PBXNativeTarget "HydraulicsWorkOrderAppUITests" */ = {
			isa = XCConfigurationList;
			buildConfigurations = (
				8996D2D32E46348C005DE3D4 /* Debug */,
				8996D2D42E46348C005DE3D4 /* Release */,
			);
			defaultConfigurationIsVisible = 0;
			defaultConfigurationName = Release;
		};
/* End XCConfigurationList section */

/* Begin XCRemoteSwiftPackageReference section */
		8905EE9E2E57AD96006AC3D3 /* XCRemoteSwiftPackageReference "firebase-ios-sdk" */ = {
			isa = XCRemoteSwiftPackageReference;
			repositoryURL = "https://github.com/firebase/firebase-ios-sdk";
			requirement = {
				kind = upToNextMajorVersion;
				minimumVersion = 10.0.0;
			};
		};
/* End XCRemoteSwiftPackageReference section */

/* Begin XCSwiftPackageProductDependency section */
		8905EE9F2E57AD96006AC3D3 /* FirebaseAuth */ = {
			isa = XCSwiftPackageProductDependency;
			package = 8905EE9E2E57AD96006AC3D3 /* XCRemoteSwiftPackageReference "firebase-ios-sdk" */;
			productName = FirebaseAuth;
		};
		8905EEA12E57AD96006AC3D3 /* FirebaseFirestore */ = {
			isa = XCSwiftPackageProductDependency;
			package = 8905EE9E2E57AD96006AC3D3 /* XCRemoteSwiftPackageReference "firebase-ios-sdk" */;
			productName = FirebaseFirestore;
		};
		8905EEA32E57AD96006AC3D3 /* FirebaseFirestoreSwift */ = {
			isa = XCSwiftPackageProductDependency;
			package = 8905EE9E2E57AD96006AC3D3 /* XCRemoteSwiftPackageReference "firebase-ios-sdk" */;
			productName = FirebaseFirestoreSwift;
		};
		8905EEA52E57AD96006AC3D3 /* FirebaseStorage */ = {
			isa = XCSwiftPackageProductDependency;
			package = 8905EE9E2E57AD96006AC3D3 /* XCRemoteSwiftPackageReference "firebase-ios-sdk" */;
			productName = FirebaseStorage;
		};
		89DDB3BF2E734BFC00F14821 /* FirebaseAuth */ = {
			isa = XCSwiftPackageProductDependency;
			package = 8905EE9E2E57AD96006AC3D3 /* XCRemoteSwiftPackageReference "firebase-ios-sdk" */;
			productName = FirebaseAuth;
		};
		89DDB3C12E734C0200F14821 /* FirebaseDatabase */ = {
			isa = XCSwiftPackageProductDependency;
			package = 8905EE9E2E57AD96006AC3D3 /* XCRemoteSwiftPackageReference "firebase-ios-sdk" */;
			productName = FirebaseDatabase;
		};
		89DDB3C32E734C0700F14821 /* FirebaseFirestore */ = {
			isa = XCSwiftPackageProductDependency;
			package = 8905EE9E2E57AD96006AC3D3 /* XCRemoteSwiftPackageReference "firebase-ios-sdk" */;
			productName = FirebaseFirestore;
		};
		89DDB3C52E734C0C00F14821 /* FirebaseStorage */ = {
			isa = XCSwiftPackageProductDependency;
			package = 8905EE9E2E57AD96006AC3D3 /* XCRemoteSwiftPackageReference "firebase-ios-sdk" */;
			productName = FirebaseStorage;
		};
/* End XCSwiftPackageProductDependency section */
	};
	rootObject = 8996D2A32E46348B005DE3D4 /* Project object */;
}
